
Microsoft Visual Studio Solution File, Format Version 12.00
# Visual Studio Version 17
VisualStudioVersion = 17.3.32804.467
MinimumVisualStudioVersion = 10.0.40219.1
Project("{8BC9CEB8-8B4A-11D0-8D11-00A0C91BC942}") = "ConsoleApp", "ConsoleApp.vcxproj", "{91E7EE7C-F37C-4A80-8AD4-025B6A09C940}"
	ProjectSection(ProjectDependencies) = postProject
		{2FEF2690-1479-444F-8D05-D7040F07C678} = {2FEF2690-1479-444F-8D05-D7040F07C678}
	EndProjectSection
EndProject
Project("{8BC9CEB8-8B4A-11D0-8D11-00A0C91BC942}") = "StaticLib", "..\StaticLib\StaticLib.vcxproj", "{2FEF2690-1479-444F-8D05-D7040F07C678}"
EndProject
Project("{8BC9CEB8-8B4A-11D0-8D11-00A0C91BC942}") = "Dll1", "..\Dll1\Dll1.vcxproj", "{D84F5C6F-1026-4F2E-B668-D665FD8E2965}"
EndProject
Global
	GlobalSection(SolutionConfigurationPlatforms) = preSolution
		Debug|x64 = Debug|x64
		Debug|x86 = Debug|x86
		Release|x64 = Release|x64
		Release|x86 = Release|x86
	EndGlobalSection
	GlobalSection(ProjectConfigurationPlatforms) = postSolution
		{91E7EE7C-F37C-4A80-8AD4-025B6A09C940}.Debug|x64.ActiveCfg = Debug|x64
		{91E7EE7C-F37C-4A80-8AD4-025B6A09C940}.Debug|x64.Build.0 = Debug|x64
		{91E7EE7C-F37C-4A80-8AD4-025B6A09C940}.Debug|x86.ActiveCfg = Debug|Win32
		{91E7EE7C-F37C-4A80-8AD4-025B6A09C940}.Debug|x86.Build.0 = Debug|Win32
		{91E7EE7C-F37C-4A80-8AD4-025B6A09C940}.Release|x64.ActiveCfg = Release|x64
		{91E7EE7C-F37C-4A80-8AD4-025B6A09C940}.Release|x64.Build.0 = Release|x64
		{91E7EE7C-F37C-4A80-8AD4-025B6A09C940}.Release|x86.ActiveCfg = Release|Win32
		{91E7EE7C-F37C-4A80-8AD4-025B6A09C940}.Release|x86.Build.0 = Release|Win32
		{2FEF2690-1479-444F-8D05-D7040F07C678}.Debug|x64.ActiveCfg = Debug|x64
		{2FEF2690-1479-444F-8D05-D7040F07C678}.Debug|x64.Build.0 = Debug|x64
		{2FEF2690-1479-444F-8D05-D7040F07C678}.Debug|x86.ActiveCfg = Debug|Win32
		{2FEF2690-1479-444F-8D05-D7040F07C678}.Debug|x86.Build.0 = Debug|Win32
		{2FEF2690-1479-444F-8D05-D7040F07C678}.Release|x64.ActiveCfg = Release|x64
		{2FEF2690-1479-444F-8D05-D7040F07C678}.Release|x64.Build.0 = Release|x64
		{2FEF2690-1479-444F-8D05-D7040F07C678}.Release|x86.ActiveCfg = Release|Win32
		{2FEF2690-1479-444F-8D05-D7040F07C678}.Release|x86.Build.0 = Release|Win32
		{D84F5C6F-1026-4F2E-B668-D665FD8E2965}.Debug|x64.ActiveCfg = Debug|x64
		{D84F5C6F-1026-4F2E-B668-D665FD8E2965}.Debug|x64.Build.0 = Debug|x64
		{D84F5C6F-1026-4F2E-B668-D665FD8E2965}.Debug|x86.ActiveCfg = Debug|Win32
		{D84F5C6F-1026-4F2E-B668-D665FD8E2965}.Debug|x86.Build.0 = Debug|Win32
		{D84F5C6F-1026-4F2E-B668-D665FD8E2965}.Release|x64.ActiveCfg = Release|x64
		{D84F5C6F-1026-4F2E-B668-D665FD8E2965}.Release|x64.Build.0 = Release|x64
		{D84F5C6F-1026-4F2E-B668-D665FD8E2965}.Release|x86.ActiveCfg = Release|Win32
		{D84F5C6F-1026-4F2E-B668-D665FD8E2965}.Release|x86.Build.0 = Release|Win32
	EndGlobalSection
	GlobalSection(SolutionProperties) = preSolution
		HideSolutionNode = FALSE
	EndGlobalSection
	GlobalSection(ExtensibilityGlobals) = postSolution
		SolutionGuid = {61047754-5E70-42AD-B23C-C43849CE6051}
	EndGlobalSection
EndGlobal
